
Microsoft Visual Studio Solution File, Format Version 12.00
# Visual Studio Version 17
VisualStudioVersion = 17.5.001.0
MinimumVisualStudioVersion = 10.0.40219.1
Project("{9A19103F-16F7-4668-BE54-9A1E7A4F7556}") = "CodeProblems", "CodeProblems.csproj", "{24185679-A82F-4F27-BEA1-52F9991652B3}"
EndProject
Global
	GlobalSection(SolutionConfigurationPlatforms) = preSolution
		Debug|Any CPU = Debug|Any CPU
		Release|Any CPU = Release|Any CPU
	EndGlobalSection
	GlobalSection(ProjectConfigurationPlatforms) = postSolution
		{24185679-A82F-4F27-BEA1-52F9991652B3}.Debug|Any CPU.ActiveCfg = Debug|Any CPU
		{24185679-A82F-4F27-BEA1-52F9991652B3}.Debug|Any CPU.Build.0 = Debug|Any CPU
		{24185679-A82F-4F27-BEA1-52F9991652B3}.Release|Any CPU.ActiveCfg = Release|Any CPU
		{24185679-A82F-4F27-BEA1-52F9991652B3}.Release|Any CPU.Build.0 = Release|Any CPU
	EndGlobalSection
	GlobalSection(SolutionProperties) = preSolution
		HideSolutionNode = FALSE
	EndGlobalSection
	GlobalSection(ExtensibilityGlobals) = postSolution
		SolutionGuid = {720AAA49-C915-4581-A2D2-451C8DA32EB1}
	EndGlobalSection
EndGlobal
